
Microsoft Visual Studio Solution File, Format Version 12.00
# Visual Studio 14
VisualStudioVersion = 14.0.25420.1
MinimumVisualStudioVersion = 10.0.40219.1
Project("{FAE04EC0-301F-11D3-BF4B-00C04F79EFBC}") = "Sendloop", "Sendloop\Sendloop.csproj", "{D1E48B24-1E82-441D-B9E9-046D3E4256BD}"
EndProject
Project("{FAE04EC0-301F-11D3-BF4B-00C04F79EFBC}") = "Sendloop.Test", "Sendloop.Test\Sendloop.Test.csproj", "{16C1EC9E-E0A6-4F98-9443-2E4ED4108A6D}"
EndProject
Project("{FAE04EC0-301F-11D3-BF4B-00C04F79EFBC}") = "Sendloop.Console", "Sendloop.Console\Sendloop.Console.csproj", "{8AC265F4-F7D1-41A8-824F-76C7B91B690D}"
EndProject
Global
	GlobalSection(SolutionConfigurationPlatforms) = preSolution
		Debug|Any CPU = Debug|Any CPU
		Release|Any CPU = Release|Any CPU
	EndGlobalSection
	GlobalSection(ProjectConfigurationPlatforms) = postSolution
		{D1E48B24-1E82-441D-B9E9-046D3E4256BD}.Debug|Any CPU.ActiveCfg = Debug|Any CPU
		{D1E48B24-1E82-441D-B9E9-046D3E4256BD}.Debug|Any CPU.Build.0 = Debug|Any CPU
		{D1E48B24-1E82-441D-B9E9-046D3E4256BD}.Release|Any CPU.ActiveCfg = Release|Any CPU
		{D1E48B24-1E82-441D-B9E9-046D3E4256BD}.Release|Any CPU.Build.0 = Release|Any CPU
		{16C1EC9E-E0A6-4F98-9443-2E4ED4108A6D}.Debug|Any CPU.ActiveCfg = Debug|Any CPU
		{16C1EC9E-E0A6-4F98-9443-2E4ED4108A6D}.Debug|Any CPU.Build.0 = Debug|Any CPU
		{16C1EC9E-E0A6-4F98-9443-2E4ED4108A6D}.Release|Any CPU.ActiveCfg = Release|Any CPU
		{16C1EC9E-E0A6-4F98-9443-2E4ED4108A6D}.Release|Any CPU.Build.0 = Release|Any CPU
		{8AC265F4-F7D1-41A8-824F-76C7B91B690D}.Debug|Any CPU.ActiveCfg = Debug|Any CPU
		{8AC265F4-F7D1-41A8-824F-76C7B91B690D}.Debug|Any CPU.Build.0 = Debug|Any CPU
		{8AC265F4-F7D1-41A8-824F-76C7B91B690D}.Release|Any CPU.ActiveCfg = Release|Any CPU
		{8AC265F4-F7D1-41A8-824F-76C7B91B690D}.Release|Any CPU.Build.0 = Release|Any CPU
	EndGlobalSection
	GlobalSection(SolutionProperties) = preSolution
		HideSolutionNode = FALSE
	EndGlobalSection
EndGlobal
